
Microsoft Visual Studio Solution File, Format Version 12.00
# Visual Studio Version 17
VisualStudioVersion = 17.0.31903.59
MinimumVisualStudioVersion = 10.0.40219.1
Project("{2150E333-8FDC-42A3-9474-1A3956D46DE8}") = "Day01SonarSweep", "Day01SonarSweep", "{5969335B-0AE7-4337-AB97-709E17A31C39}"
EndProject
Project("{FAE04EC0-301F-11D3-BF4B-00C04F79EFBC}") = "Day01SonarSweep", "01SonarSweep\Day01SonarSweep.csproj", "{7A08C0E7-273F-4B41-8821-2010519C14DA}"
EndProject
Global
	GlobalSection(SolutionConfigurationPlatforms) = preSolution
		Debug|Any CPU = Debug|Any CPU
		Release|Any CPU = Release|Any CPU
	EndGlobalSection
	GlobalSection(ProjectConfigurationPlatforms) = postSolution
		{7A08C0E7-273F-4B41-8821-2010519C14DA}.Debug|Any CPU.ActiveCfg = Debug|Any CPU
		{7A08C0E7-273F-4B41-8821-2010519C14DA}.Debug|Any CPU.Build.0 = Debug|Any CPU
		{7A08C0E7-273F-4B41-8821-2010519C14DA}.Release|Any CPU.ActiveCfg = Release|Any CPU
		{7A08C0E7-273F-4B41-8821-2010519C14DA}.Release|Any CPU.Build.0 = Release|Any CPU
	EndGlobalSection
	GlobalSection(SolutionProperties) = preSolution
		HideSolutionNode = FALSE
	EndGlobalSection
	GlobalSection(NestedProjects) = preSolution
		{7A08C0E7-273F-4B41-8821-2010519C14DA} = {5969335B-0AE7-4337-AB97-709E17A31C39}
	EndGlobalSection
	GlobalSection(ExtensibilityGlobals) = postSolution
		SolutionGuid = {ADAAB68E-E912-4CF1-B1AD-AA3F7FD09942}
	EndGlobalSection
EndGlobal
